
Microsoft Visual Studio Solution File, Format Version 12.00
# Visual Studio Version 17
VisualStudioVersion = 17.0.31903.59
MinimumVisualStudioVersion = 10.0.40219.1
Project("{2150E333-8FDC-42A3-9474-1A3956D46DE8}") = "api", "api", "{1FD5F6C5-7BAD-4CC6-8428-4B6E442E6DDF}"
EndProject
Project("{2150E333-8FDC-42A3-9474-1A3956D46DE8}") = "services", "services", "{8A7929D2-27E4-438F-9A14-DBFE659411A2}"
EndProject
Project("{2150E333-8FDC-42A3-9474-1A3956D46DE8}") = "authentication", "authentication", "{1046671B-B5E2-41E9-BA80-746E44F98E2D}"
EndProject
Project("{FAE04EC0-301F-11D3-BF4B-00C04F79EFBC}") = "Authentication.API", "api\services\authentication\Authentication.API\Authentication.API.csproj", "{C340E3F4-62B2-413C-8E8B-406C427B1DC3}"
EndProject
Project("{2150E333-8FDC-42A3-9474-1A3956D46DE8}") = "shared", "shared", "{7E469C5B-FA63-4BAE-B48C-C63476F42DA8}"
EndProject
Project("{FAE04EC0-301F-11D3-BF4B-00C04F79EFBC}") = "Shared", "shared\Shared\Shared.csproj", "{4720B46A-066C-4AAD-AFB9-BDD18E862482}"
EndProject
Project("{2150E333-8FDC-42A3-9474-1A3956D46DE8}") = "Solution Items", "Solution Items", "{149A3007-64F3-461D-B368-B0508EA30B3B}"
	ProjectSection(SolutionItems) = preProject
		docker-compose.yaml = docker-compose.yaml
		docker-compose.override.yaml = docker-compose.override.yaml
	EndProjectSection
EndProject
Project("{2150E333-8FDC-42A3-9474-1A3956D46DE8}") = "client", "client", "{0BD90375-4CC5-451A-B5D2-A12EA109FD7D}"
EndProject
Project("{FAE04EC0-301F-11D3-BF4B-00C04F79EFBC}") = "Client", "client\Client\Client.csproj", "{44E6ECA6-0993-4B6F-9291-004D8AB890DB}"
EndProject
Project("{2150E333-8FDC-42A3-9474-1A3956D46DE8}") = "modules", "modules", "{55E14397-F4D4-4802-AA1B-CEEE8F73A45C}"
EndProject
Project("{FAE04EC0-301F-11D3-BF4B-00C04F79EFBC}") = "Authentication", "client\modules\Authentication\Authentication.csproj", "{6177E299-1155-4425-914A-629B9C1C8896}"
EndProject
Global
	GlobalSection(SolutionConfigurationPlatforms) = preSolution
		Debug|Any CPU = Debug|Any CPU
		Release|Any CPU = Release|Any CPU
	EndGlobalSection
	GlobalSection(SolutionProperties) = preSolution
		HideSolutionNode = FALSE
	EndGlobalSection
	GlobalSection(NestedProjects) = preSolution
		{8A7929D2-27E4-438F-9A14-DBFE659411A2} = {1FD5F6C5-7BAD-4CC6-8428-4B6E442E6DDF}
		{1046671B-B5E2-41E9-BA80-746E44F98E2D} = {8A7929D2-27E4-438F-9A14-DBFE659411A2}
		{C340E3F4-62B2-413C-8E8B-406C427B1DC3} = {1046671B-B5E2-41E9-BA80-746E44F98E2D}
		{4720B46A-066C-4AAD-AFB9-BDD18E862482} = {7E469C5B-FA63-4BAE-B48C-C63476F42DA8}
		{44E6ECA6-0993-4B6F-9291-004D8AB890DB} = {0BD90375-4CC5-451A-B5D2-A12EA109FD7D}
		{55E14397-F4D4-4802-AA1B-CEEE8F73A45C} = {0BD90375-4CC5-451A-B5D2-A12EA109FD7D}
		{6177E299-1155-4425-914A-629B9C1C8896} = {55E14397-F4D4-4802-AA1B-CEEE8F73A45C}
	EndGlobalSection
	GlobalSection(ProjectConfigurationPlatforms) = postSolution
		{C340E3F4-62B2-413C-8E8B-406C427B1DC3}.Debug|Any CPU.ActiveCfg = Debug|Any CPU
		{C340E3F4-62B2-413C-8E8B-406C427B1DC3}.Debug|Any CPU.Build.0 = Debug|Any CPU
		{C340E3F4-62B2-413C-8E8B-406C427B1DC3}.Release|Any CPU.ActiveCfg = Release|Any CPU
		{C340E3F4-62B2-413C-8E8B-406C427B1DC3}.Release|Any CPU.Build.0 = Release|Any CPU
		{4720B46A-066C-4AAD-AFB9-BDD18E862482}.Debug|Any CPU.ActiveCfg = Debug|Any CPU
		{4720B46A-066C-4AAD-AFB9-BDD18E862482}.Debug|Any CPU.Build.0 = Debug|Any CPU
		{4720B46A-066C-4AAD-AFB9-BDD18E862482}.Release|Any CPU.ActiveCfg = Release|Any CPU
		{4720B46A-066C-4AAD-AFB9-BDD18E862482}.Release|Any CPU.Build.0 = Release|Any CPU
		{44E6ECA6-0993-4B6F-9291-004D8AB890DB}.Debug|Any CPU.ActiveCfg = Debug|Any CPU
		{44E6ECA6-0993-4B6F-9291-004D8AB890DB}.Debug|Any CPU.Build.0 = Debug|Any CPU
		{44E6ECA6-0993-4B6F-9291-004D8AB890DB}.Release|Any CPU.ActiveCfg = Release|Any CPU
		{44E6ECA6-0993-4B6F-9291-004D8AB890DB}.Release|Any CPU.Build.0 = Release|Any CPU
		{6177E299-1155-4425-914A-629B9C1C8896}.Debug|Any CPU.ActiveCfg = Debug|Any CPU
		{6177E299-1155-4425-914A-629B9C1C8896}.Debug|Any CPU.Build.0 = Debug|Any CPU
		{6177E299-1155-4425-914A-629B9C1C8896}.Release|Any CPU.ActiveCfg = Release|Any CPU
		{6177E299-1155-4425-914A-629B9C1C8896}.Release|Any CPU.Build.0 = Release|Any CPU
	EndGlobalSection
EndGlobal
