
Microsoft Visual Studio Solution File, Format Version 12.00
# Visual Studio Version 17
VisualStudioVersion = 17.0.31903.59
MinimumVisualStudioVersion = 10.0.40219.1
Project("{2150E333-8FDC-42A3-9474-1A3956D46DE8}") = "api", "api", "{1FD5F6C5-7BAD-4CC6-8428-4B6E442E6DDF}"
EndProject
Project("{2150E333-8FDC-42A3-9474-1A3956D46DE8}") = "services", "services", "{8A7929D2-27E4-438F-9A14-DBFE659411A2}"
EndProject
Project("{2150E333-8FDC-42A3-9474-1A3956D46DE8}") = "authentication", "authentication", "{1046671B-B5E2-41E9-BA80-746E44F98E2D}"
EndProject
Project("{FAE04EC0-301F-11D3-BF4B-00C04F79EFBC}") = "Authentication.API", "api\services\authentication\Authentication.API\Authentication.API.csproj", "{C340E3F4-62B2-413C-8E8B-406C427B1DC3}"
EndProject
Project("{2150E333-8FDC-42A3-9474-1A3956D46DE8}") = "shared", "shared", "{7E469C5B-FA63-4BAE-B48C-C63476F42DA8}"
EndProject
Project("{FAE04EC0-301F-11D3-BF4B-00C04F79EFBC}") = "Shared", "shared\Shared\Shared.csproj", "{4720B46A-066C-4AAD-AFB9-BDD18E862482}"
EndProject
Project("{2150E333-8FDC-42A3-9474-1A3956D46DE8}") = "Solution Items", "Solution Items", "{149A3007-64F3-461D-B368-B0508EA30B3B}"
	ProjectSection(SolutionItems) = preProject
		docker-compose.yaml = docker-compose.yaml
		docker-compose.override.yaml = docker-compose.override.yaml
		.env = .env
		.gitignore = .gitignore
		.editorconfig = .editorconfig
		Directory.Build.props = Directory.Build.props
		Directory.Packages.props = Directory.Packages.props
		.config\dotnet-tools.json = .config\dotnet-tools.json
		.husky\task-runner.json = .husky\task-runner.json
		.husky\_\.gitignore = .husky\_\.gitignore
		.husky\_\husky.sh = .husky\_\husky.sh
		.husky\pre-commit = .husky\pre-commit
	EndProjectSection
EndProject
Project("{2150E333-8FDC-42A3-9474-1A3956D46DE8}") = "client", "client", "{0BD90375-4CC5-451A-B5D2-A12EA109FD7D}"
EndProject
Project("{FAE04EC0-301F-11D3-BF4B-00C04F79EFBC}") = "Client", "client\Client\Client.csproj", "{44E6ECA6-0993-4B6F-9291-004D8AB890DB}"
EndProject
Project("{2150E333-8FDC-42A3-9474-1A3956D46DE8}") = "modules", "modules", "{55E14397-F4D4-4802-AA1B-CEEE8F73A45C}"
EndProject
Project("{FAE04EC0-301F-11D3-BF4B-00C04F79EFBC}") = "Authentication", "client\modules\Authentication\Authentication.csproj", "{6177E299-1155-4425-914A-629B9C1C8896}"
EndProject
Project("{FAE04EC0-301F-11D3-BF4B-00C04F79EFBC}") = "ClientShared", "client\ClientShared\ClientShared.csproj", "{EFE617BB-3802-4780-A3B2-F3B5A83EBDAF}"
EndProject
Project("{FAE04EC0-301F-11D3-BF4B-00C04F79EFBC}") = "Learning", "client\modules\Learning\Learning.csproj", "{29DA570F-4DEB-49F0-B9B0-AF28935E35CE}"
EndProject
Project("{2150E333-8FDC-42A3-9474-1A3956D46DE8}") = "learning", "learning", "{A12C096B-1312-4DBD-9613-A998851C21E0}"
EndProject
Project("{FAE04EC0-301F-11D3-BF4B-00C04F79EFBC}") = "Learning.API", "api\services\learning\Learning.API\Learning.API.csproj", "{E8FA8F62-64BE-4780-8174-C99C22BBEC83}"
EndProject
Project("{FAE04EC0-301F-11D3-BF4B-00C04F79EFBC}") = "Learning.Domain", "api\services\learning\Learning.Domain\Learning.Domain.csproj", "{707B5015-CDAD-43FF-BA81-D2F0C7867342}"
EndProject
Project("{FAE04EC0-301F-11D3-BF4B-00C04F79EFBC}") = "Learning.Application", "api\services\learning\Learning.Application\Learning.Application.csproj", "{A6F3C0D7-3D9E-40F9-8152-12CF628B50C1}"
EndProject
Project("{FAE04EC0-301F-11D3-BF4B-00C04F79EFBC}") = "Learning.Infrastructure", "api\services\learning\Learning.Infrastructure\Learning.Infrastructure.csproj", "{49155983-7BF4-4374-80E0-3ED7E1E06A67}"
EndProject
Project("{FAE04EC0-301F-11D3-BF4B-00C04F79EFBC}") = "Shared.Authentication", "shared\Shared.Authentication\Shared.Authentication.csproj", "{DEABD050-03EB-4A35-997E-A812DF5006D0}"
EndProject
Project("{FAE04EC0-301F-11D3-BF4B-00C04F79EFBC}") = "Shared.MessageBus", "shared\Shared.MessageBus\Shared.MessageBus.csproj", "{166E56E0-43DD-4BAB-A55A-4BD6BEF9AEDD}"
EndProject
Global
	GlobalSection(SolutionConfigurationPlatforms) = preSolution
		Debug|Any CPU = Debug|Any CPU
		Release|Any CPU = Release|Any CPU
	EndGlobalSection
	GlobalSection(SolutionProperties) = preSolution
		HideSolutionNode = FALSE
	EndGlobalSection
	GlobalSection(NestedProjects) = preSolution
		{8A7929D2-27E4-438F-9A14-DBFE659411A2} = {1FD5F6C5-7BAD-4CC6-8428-4B6E442E6DDF}
		{1046671B-B5E2-41E9-BA80-746E44F98E2D} = {8A7929D2-27E4-438F-9A14-DBFE659411A2}
		{C340E3F4-62B2-413C-8E8B-406C427B1DC3} = {1046671B-B5E2-41E9-BA80-746E44F98E2D}
		{4720B46A-066C-4AAD-AFB9-BDD18E862482} = {7E469C5B-FA63-4BAE-B48C-C63476F42DA8}
		{44E6ECA6-0993-4B6F-9291-004D8AB890DB} = {0BD90375-4CC5-451A-B5D2-A12EA109FD7D}
		{55E14397-F4D4-4802-AA1B-CEEE8F73A45C} = {0BD90375-4CC5-451A-B5D2-A12EA109FD7D}
		{6177E299-1155-4425-914A-629B9C1C8896} = {55E14397-F4D4-4802-AA1B-CEEE8F73A45C}
		{EFE617BB-3802-4780-A3B2-F3B5A83EBDAF} = {0BD90375-4CC5-451A-B5D2-A12EA109FD7D}
		{29DA570F-4DEB-49F0-B9B0-AF28935E35CE} = {55E14397-F4D4-4802-AA1B-CEEE8F73A45C}
		{A12C096B-1312-4DBD-9613-A998851C21E0} = {8A7929D2-27E4-438F-9A14-DBFE659411A2}
		{E8FA8F62-64BE-4780-8174-C99C22BBEC83} = {A12C096B-1312-4DBD-9613-A998851C21E0}
		{707B5015-CDAD-43FF-BA81-D2F0C7867342} = {A12C096B-1312-4DBD-9613-A998851C21E0}
		{A6F3C0D7-3D9E-40F9-8152-12CF628B50C1} = {A12C096B-1312-4DBD-9613-A998851C21E0}
		{49155983-7BF4-4374-80E0-3ED7E1E06A67} = {A12C096B-1312-4DBD-9613-A998851C21E0}
		{DEABD050-03EB-4A35-997E-A812DF5006D0} = {7E469C5B-FA63-4BAE-B48C-C63476F42DA8}
		{166E56E0-43DD-4BAB-A55A-4BD6BEF9AEDD} = {7E469C5B-FA63-4BAE-B48C-C63476F42DA8}
	EndGlobalSection
	GlobalSection(ProjectConfigurationPlatforms) = postSolution
		{C340E3F4-62B2-413C-8E8B-406C427B1DC3}.Debug|Any CPU.ActiveCfg = Debug|Any CPU
		{C340E3F4-62B2-413C-8E8B-406C427B1DC3}.Debug|Any CPU.Build.0 = Debug|Any CPU
		{C340E3F4-62B2-413C-8E8B-406C427B1DC3}.Release|Any CPU.ActiveCfg = Release|Any CPU
		{C340E3F4-62B2-413C-8E8B-406C427B1DC3}.Release|Any CPU.Build.0 = Release|Any CPU
		{4720B46A-066C-4AAD-AFB9-BDD18E862482}.Debug|Any CPU.ActiveCfg = Debug|Any CPU
		{4720B46A-066C-4AAD-AFB9-BDD18E862482}.Debug|Any CPU.Build.0 = Debug|Any CPU
		{4720B46A-066C-4AAD-AFB9-BDD18E862482}.Release|Any CPU.ActiveCfg = Release|Any CPU
		{4720B46A-066C-4AAD-AFB9-BDD18E862482}.Release|Any CPU.Build.0 = Release|Any CPU
		{44E6ECA6-0993-4B6F-9291-004D8AB890DB}.Debug|Any CPU.ActiveCfg = Debug|Any CPU
		{44E6ECA6-0993-4B6F-9291-004D8AB890DB}.Debug|Any CPU.Build.0 = Debug|Any CPU
		{44E6ECA6-0993-4B6F-9291-004D8AB890DB}.Release|Any CPU.ActiveCfg = Release|Any CPU
		{44E6ECA6-0993-4B6F-9291-004D8AB890DB}.Release|Any CPU.Build.0 = Release|Any CPU
		{6177E299-1155-4425-914A-629B9C1C8896}.Debug|Any CPU.ActiveCfg = Debug|Any CPU
		{6177E299-1155-4425-914A-629B9C1C8896}.Debug|Any CPU.Build.0 = Debug|Any CPU
		{6177E299-1155-4425-914A-629B9C1C8896}.Release|Any CPU.ActiveCfg = Release|Any CPU
		{6177E299-1155-4425-914A-629B9C1C8896}.Release|Any CPU.Build.0 = Release|Any CPU
		{EFE617BB-3802-4780-A3B2-F3B5A83EBDAF}.Debug|Any CPU.ActiveCfg = Debug|Any CPU
		{EFE617BB-3802-4780-A3B2-F3B5A83EBDAF}.Debug|Any CPU.Build.0 = Debug|Any CPU
		{EFE617BB-3802-4780-A3B2-F3B5A83EBDAF}.Release|Any CPU.ActiveCfg = Release|Any CPU
		{EFE617BB-3802-4780-A3B2-F3B5A83EBDAF}.Release|Any CPU.Build.0 = Release|Any CPU
		{29DA570F-4DEB-49F0-B9B0-AF28935E35CE}.Debug|Any CPU.ActiveCfg = Debug|Any CPU
		{29DA570F-4DEB-49F0-B9B0-AF28935E35CE}.Debug|Any CPU.Build.0 = Debug|Any CPU
		{29DA570F-4DEB-49F0-B9B0-AF28935E35CE}.Release|Any CPU.ActiveCfg = Release|Any CPU
		{29DA570F-4DEB-49F0-B9B0-AF28935E35CE}.Release|Any CPU.Build.0 = Release|Any CPU
		{E8FA8F62-64BE-4780-8174-C99C22BBEC83}.Debug|Any CPU.ActiveCfg = Debug|Any CPU
		{E8FA8F62-64BE-4780-8174-C99C22BBEC83}.Debug|Any CPU.Build.0 = Debug|Any CPU
		{E8FA8F62-64BE-4780-8174-C99C22BBEC83}.Release|Any CPU.ActiveCfg = Release|Any CPU
		{E8FA8F62-64BE-4780-8174-C99C22BBEC83}.Release|Any CPU.Build.0 = Release|Any CPU
		{707B5015-CDAD-43FF-BA81-D2F0C7867342}.Debug|Any CPU.ActiveCfg = Debug|Any CPU
		{707B5015-CDAD-43FF-BA81-D2F0C7867342}.Debug|Any CPU.Build.0 = Debug|Any CPU
		{707B5015-CDAD-43FF-BA81-D2F0C7867342}.Release|Any CPU.ActiveCfg = Release|Any CPU
		{707B5015-CDAD-43FF-BA81-D2F0C7867342}.Release|Any CPU.Build.0 = Release|Any CPU
		{A6F3C0D7-3D9E-40F9-8152-12CF628B50C1}.Debug|Any CPU.ActiveCfg = Debug|Any CPU
		{A6F3C0D7-3D9E-40F9-8152-12CF628B50C1}.Debug|Any CPU.Build.0 = Debug|Any CPU
		{A6F3C0D7-3D9E-40F9-8152-12CF628B50C1}.Release|Any CPU.ActiveCfg = Release|Any CPU
		{A6F3C0D7-3D9E-40F9-8152-12CF628B50C1}.Release|Any CPU.Build.0 = Release|Any CPU
		{49155983-7BF4-4374-80E0-3ED7E1E06A67}.Debug|Any CPU.ActiveCfg = Debug|Any CPU
		{49155983-7BF4-4374-80E0-3ED7E1E06A67}.Debug|Any CPU.Build.0 = Debug|Any CPU
		{49155983-7BF4-4374-80E0-3ED7E1E06A67}.Release|Any CPU.ActiveCfg = Release|Any CPU
		{49155983-7BF4-4374-80E0-3ED7E1E06A67}.Release|Any CPU.Build.0 = Release|Any CPU
		{DEABD050-03EB-4A35-997E-A812DF5006D0}.Debug|Any CPU.ActiveCfg = Debug|Any CPU
		{DEABD050-03EB-4A35-997E-A812DF5006D0}.Debug|Any CPU.Build.0 = Debug|Any CPU
		{DEABD050-03EB-4A35-997E-A812DF5006D0}.Release|Any CPU.ActiveCfg = Release|Any CPU
		{DEABD050-03EB-4A35-997E-A812DF5006D0}.Release|Any CPU.Build.0 = Release|Any CPU
		{166E56E0-43DD-4BAB-A55A-4BD6BEF9AEDD}.Debug|Any CPU.ActiveCfg = Debug|Any CPU
		{166E56E0-43DD-4BAB-A55A-4BD6BEF9AEDD}.Debug|Any CPU.Build.0 = Debug|Any CPU
		{166E56E0-43DD-4BAB-A55A-4BD6BEF9AEDD}.Release|Any CPU.ActiveCfg = Release|Any CPU
		{166E56E0-43DD-4BAB-A55A-4BD6BEF9AEDD}.Release|Any CPU.Build.0 = Release|Any CPU
	EndGlobalSection
EndGlobal
